
Microsoft Visual Studio Solution File, Format Version 12.00
# Visual Studio Version 16
VisualStudioVersion = 16.0.810.12
MinimumVisualStudioVersion = 10.0.40219.1
Project("{FAE04EC0-301F-11D3-BF4B-00C04F79EFBC}") = "AppQuantidade.Android", "AppQuantidade.Android\AppQuantidade.Android.csproj", "{636B5276-D60E-4199-BC1C-0908C6393ED1}"
EndProject
Project("{FAE04EC0-301F-11D3-BF4B-00C04F79EFBC}") = "AppQuantidade.iOS", "AppQuantidade.iOS\AppQuantidade.iOS.csproj", "{A3EDD2B1-94DF-4DCE-A113-F8CDDB185338}"
EndProject
Project("{9A19103F-16F7-4668-BE54-9A1E7A4F7556}") = "AppQuantidade", "AppQuantidade\AppQuantidade.csproj", "{2516FB61-B669-40FE-924A-8145F8531820}"
EndProject
Global
	GlobalSection(SolutionConfigurationPlatforms) = preSolution
		Debug|Any CPU = Debug|Any CPU
		Debug|iPhone = Debug|iPhone
		Debug|iPhoneSimulator = Debug|iPhoneSimulator
		Release|Any CPU = Release|Any CPU
		Release|iPhone = Release|iPhone
		Release|iPhoneSimulator = Release|iPhoneSimulator
	EndGlobalSection
	GlobalSection(ProjectConfigurationPlatforms) = postSolution
		{636B5276-D60E-4199-BC1C-0908C6393ED1}.Debug|Any CPU.ActiveCfg = Debug|Any CPU
		{636B5276-D60E-4199-BC1C-0908C6393ED1}.Debug|Any CPU.Build.0 = Debug|Any CPU
		{636B5276-D60E-4199-BC1C-0908C6393ED1}.Debug|Any CPU.Deploy.0 = Debug|Any CPU
		{636B5276-D60E-4199-BC1C-0908C6393ED1}.Debug|iPhone.ActiveCfg = Debug|Any CPU
		{636B5276-D60E-4199-BC1C-0908C6393ED1}.Debug|iPhone.Build.0 = Debug|Any CPU
		{636B5276-D60E-4199-BC1C-0908C6393ED1}.Debug|iPhoneSimulator.ActiveCfg = Debug|Any CPU
		{636B5276-D60E-4199-BC1C-0908C6393ED1}.Debug|iPhoneSimulator.Build.0 = Debug|Any CPU
		{636B5276-D60E-4199-BC1C-0908C6393ED1}.Release|Any CPU.ActiveCfg = Release|Any CPU
		{636B5276-D60E-4199-BC1C-0908C6393ED1}.Release|Any CPU.Build.0 = Release|Any CPU
		{636B5276-D60E-4199-BC1C-0908C6393ED1}.Release|Any CPU.Deploy.0 = Release|Any CPU
		{636B5276-D60E-4199-BC1C-0908C6393ED1}.Release|iPhone.ActiveCfg = Release|Any CPU
		{636B5276-D60E-4199-BC1C-0908C6393ED1}.Release|iPhone.Build.0 = Release|Any CPU
		{636B5276-D60E-4199-BC1C-0908C6393ED1}.Release|iPhoneSimulator.ActiveCfg = Release|Any CPU
		{636B5276-D60E-4199-BC1C-0908C6393ED1}.Release|iPhoneSimulator.Build.0 = Release|Any CPU
		{A3EDD2B1-94DF-4DCE-A113-F8CDDB185338}.Debug|Any CPU.ActiveCfg = Debug|iPhoneSimulator
		{A3EDD2B1-94DF-4DCE-A113-F8CDDB185338}.Debug|Any CPU.Build.0 = Debug|iPhoneSimulator
		{A3EDD2B1-94DF-4DCE-A113-F8CDDB185338}.Debug|iPhone.ActiveCfg = Debug|iPhone
		{A3EDD2B1-94DF-4DCE-A113-F8CDDB185338}.Debug|iPhone.Build.0 = Debug|iPhone
		{A3EDD2B1-94DF-4DCE-A113-F8CDDB185338}.Debug|iPhoneSimulator.ActiveCfg = Debug|iPhoneSimulator
		{A3EDD2B1-94DF-4DCE-A113-F8CDDB185338}.Debug|iPhoneSimulator.Build.0 = Debug|iPhoneSimulator
		{A3EDD2B1-94DF-4DCE-A113-F8CDDB185338}.Release|Any CPU.ActiveCfg = Release|iPhoneSimulator
		{A3EDD2B1-94DF-4DCE-A113-F8CDDB185338}.Release|Any CPU.Build.0 = Release|iPhoneSimulator
		{A3EDD2B1-94DF-4DCE-A113-F8CDDB185338}.Release|iPhone.ActiveCfg = Release|iPhone
		{A3EDD2B1-94DF-4DCE-A113-F8CDDB185338}.Release|iPhone.Build.0 = Release|iPhone
		{A3EDD2B1-94DF-4DCE-A113-F8CDDB185338}.Release|iPhoneSimulator.ActiveCfg = Release|iPhoneSimulator
		{A3EDD2B1-94DF-4DCE-A113-F8CDDB185338}.Release|iPhoneSimulator.Build.0 = Release|iPhoneSimulator
		{2516FB61-B669-40FE-924A-8145F8531820}.Debug|Any CPU.ActiveCfg = Debug|Any CPU
		{2516FB61-B669-40FE-924A-8145F8531820}.Debug|Any CPU.Build.0 = Debug|Any CPU
		{2516FB61-B669-40FE-924A-8145F8531820}.Debug|iPhone.ActiveCfg = Debug|Any CPU
		{2516FB61-B669-40FE-924A-8145F8531820}.Debug|iPhone.Build.0 = Debug|Any CPU
		{2516FB61-B669-40FE-924A-8145F8531820}.Debug|iPhoneSimulator.ActiveCfg = Debug|Any CPU
		{2516FB61-B669-40FE-924A-8145F8531820}.Debug|iPhoneSimulator.Build.0 = Debug|Any CPU
		{2516FB61-B669-40FE-924A-8145F8531820}.Release|Any CPU.ActiveCfg = Release|Any CPU
		{2516FB61-B669-40FE-924A-8145F8531820}.Release|Any CPU.Build.0 = Release|Any CPU
		{2516FB61-B669-40FE-924A-8145F8531820}.Release|iPhone.ActiveCfg = Release|Any CPU
		{2516FB61-B669-40FE-924A-8145F8531820}.Release|iPhone.Build.0 = Release|Any CPU
		{2516FB61-B669-40FE-924A-8145F8531820}.Release|iPhoneSimulator.ActiveCfg = Release|Any CPU
		{2516FB61-B669-40FE-924A-8145F8531820}.Release|iPhoneSimulator.Build.0 = Release|Any CPU
	EndGlobalSection
	GlobalSection(SolutionProperties) = preSolution
		HideSolutionNode = FALSE
	EndGlobalSection
	GlobalSection(ExtensibilityGlobals) = postSolution
		SolutionGuid = {E6651310-0A72-4A88-81D2-9DE0DD7C3A76}
	EndGlobalSection
EndGlobal
